// !$*UTF8*$!
{
	archiveVersion = 1;
	classes = {
	};
	objectVersion = 46;
	objects = {

/* Begin PBXBuildFile section */
		3A04326B1678FFBB009485B3 /* CoreData.framework in Frameworks */ = {isa = PBXBuildFile; fileRef = 3A04326A1678FFBB009485B3 /* CoreData.framework */; };
		3A072B70167F699D00349316 /* BRDateUtils.m in Sources */ = {isa = PBXBuildFile; fileRef = 3A072B6F167F699C00349316 /* BRDateUtils.m */; };
		3A072B73167F796C00349316 /* BRMapAnnotation.m in Sources */ = {isa = PBXBuildFile; fileRef = 3A072B72167F796C00349316 /* BRMapAnnotation.m */; };
		3A072B7B167FC7A900349316 /* BRBaseMapViewController.m in Sources */ = {isa = PBXBuildFile; fileRef = 3A072B7A167FC7A900349316 /* BRBaseMapViewController.m */; };
		3A2059A916945AA700E81FB4 /* ExtendedManagedObject.m in Sources */ = {isa = PBXBuildFile; fileRef = 3A2059A316945AA700E81FB4 /* ExtendedManagedObject.m */; };
		3A2059AA16945AA700E81FB4 /* GPSPoint.m in Sources */ = {isa = PBXBuildFile; fileRef = 3A2059A516945AA700E81FB4 /* GPSPoint.m */; };
		3A2059AB16945AA700E81FB4 /* Gretel.xcdatamodel in Sources */ = {isa = PBXBuildFile; fileRef = 3A2059A616945AA700E81FB4 /* Gretel.xcdatamodel */; };
		3A43D62A16761D1F007E9A84 /* UIKit.framework in Frameworks */ = {isa = PBXBuildFile; fileRef = 3A43D62916761D1F007E9A84 /* UIKit.framework */; };
		3A43D62C16761D1F007E9A84 /* Foundation.framework in Frameworks */ = {isa = PBXBuildFile; fileRef = 3A43D62B16761D1F007E9A84 /* Foundation.framework */; };
		3A43D62E16761D1F007E9A84 /* CoreGraphics.framework in Frameworks */ = {isa = PBXBuildFile; fileRef = 3A43D62D16761D1F007E9A84 /* CoreGraphics.framework */; };
		3A43D63416761D1F007E9A84 /* InfoPlist.strings in Resources */ = {isa = PBXBuildFile; fileRef = 3A43D63216761D1F007E9A84 /* InfoPlist.strings */; };
		3A43D63616761D1F007E9A84 /* main.m in Sources */ = {isa = PBXBuildFile; fileRef = 3A43D63516761D1F007E9A84 /* main.m */; };
		3A43D63A16761D1F007E9A84 /* AppDelegate.m in Sources */ = {isa = PBXBuildFile; fileRef = 3A43D63916761D1F007E9A84 /* AppDelegate.m */; };
		3A43D63C16761D1F007E9A84 /* Default.png in Resources */ = {isa = PBXBuildFile; fileRef = 3A43D63B16761D1F007E9A84 /* Default.png */; };
		3A43D63E16761D1F007E9A84 /* Default@2x.png in Resources */ = {isa = PBXBuildFile; fileRef = 3A43D63D16761D1F007E9A84 /* Default@2x.png */; };
		3A43D64016761D1F007E9A84 /* Default-568h@2x.png in Resources */ = {isa = PBXBuildFile; fileRef = 3A43D63F16761D1F007E9A84 /* Default-568h@2x.png */; };
		3A43D64316761D1F007E9A84 /* MainStoryboard_iPhone.storyboard in Resources */ = {isa = PBXBuildFile; fileRef = 3A43D64116761D1F007E9A84 /* MainStoryboard_iPhone.storyboard */; };
		3A43D64916761D1F007E9A84 /* RecordNewTripViewController.m in Sources */ = {isa = PBXBuildFile; fileRef = 3A43D64816761D1F007E9A84 /* RecordNewTripViewController.m */; };
		3A43D65216761D64007E9A84 /* GeoManager.m in Sources */ = {isa = PBXBuildFile; fileRef = 3A43D65116761D64007E9A84 /* GeoManager.m */; };
		3A43D65416761D75007E9A84 /* CoreLocation.framework in Frameworks */ = {isa = PBXBuildFile; fileRef = 3A43D65316761D75007E9A84 /* CoreLocation.framework */; };
		3A43D66B1678B629007E9A84 /* MapKit.framework in Frameworks */ = {isa = PBXBuildFile; fileRef = 3A43D66A1678B629007E9A84 /* MapKit.framework */; };
		3A43D6781678DEB4007E9A84 /* morrocco.gpx in Resources */ = {isa = PBXBuildFile; fileRef = 3A43D6771678DEB4007E9A84 /* morrocco.gpx */; };
		3A8C974F167A1A18000E2259 /* HistoryViewController.m in Sources */ = {isa = PBXBuildFile; fileRef = 3A8C974E167A1A18000E2259 /* HistoryViewController.m */; };
		3A8C975E167A8518000E2259 /* TripDetailViewController.m in Sources */ = {isa = PBXBuildFile; fileRef = 3A8C975D167A8518000E2259 /* TripDetailViewController.m */; };
		3A8C9763167B123A000E2259 /* GPXFactory.m in Sources */ = {isa = PBXBuildFile; fileRef = 3A8C9762167B123A000E2259 /* GPXFactory.m */; };
		3A8C9774167B2F3E000E2259 /* ShareManager.m in Sources */ = {isa = PBXBuildFile; fileRef = 3A8C9773167B2F3D000E2259 /* ShareManager.m */; };
		3A8C9776167B2F7A000E2259 /* MessageUI.framework in Frameworks */ = {isa = PBXBuildFile; fileRef = 3A8C9775167B2F7A000E2259 /* MessageUI.framework */; };
		3AA12B911684551D0003FE03 /* GameKit.framework in Frameworks */ = {isa = PBXBuildFile; fileRef = 3AA12B901684551D0003FE03 /* GameKit.framework */; };
		3AE64CA616E4B08000C830AF /* TripManager.m in Sources */ = {isa = PBXBuildFile; fileRef = 3AE64CA516E4B08000C830AF /* TripManager.m */; };
		A6FBA14610DC4D3C8654D5C3 /* libPods.a in Frameworks */ = {isa = PBXBuildFile; fileRef = 0B116D4037E14E9D9793F966 /* libPods.a */; };
		B507473916D9029900CEC1DE /* pauseButton.png in Resources */ = {isa = PBXBuildFile; fileRef = B507473716D9029900CEC1DE /* pauseButton.png */; };
		B507473A16D9029900CEC1DE /* pauseButton@2x.png in Resources */ = {isa = PBXBuildFile; fileRef = B507473816D9029900CEC1DE /* pauseButton@2x.png */; };
		B507473D16D9039600CEC1DE /* BaseNavigationViewController.m in Sources */ = {isa = PBXBuildFile; fileRef = B507473C16D9039600CEC1DE /* BaseNavigationViewController.m */; };
		B507474416D9065B00CEC1DE /* navigationBarBackground.png in Resources */ = {isa = PBXBuildFile; fileRef = B507474216D9065B00CEC1DE /* navigationBarBackground.png */; };
		B507474516D9065B00CEC1DE /* navigationBarBackground@2x.png in Resources */ = {isa = PBXBuildFile; fileRef = B507474316D9065B00CEC1DE /* navigationBarBackground@2x.png */; };
		B507474816D907C200CEC1DE /* viewBackgrond.png in Resources */ = {isa = PBXBuildFile; fileRef = B507474616D907C200CEC1DE /* viewBackgrond.png */; };
		B507474916D907C200CEC1DE /* viewBackgrond@2x.png in Resources */ = {isa = PBXBuildFile; fileRef = B507474716D907C200CEC1DE /* viewBackgrond@2x.png */; };
		B507474E16D91CE400CEC1DE /* recordLight.png in Resources */ = {isa = PBXBuildFile; fileRef = B507474A16D91CE400CEC1DE /* recordLight.png */; };
		B507474F16D91CE400CEC1DE /* recordLight@2x.png in Resources */ = {isa = PBXBuildFile; fileRef = B507474B16D91CE400CEC1DE /* recordLight@2x.png */; };
		B507475016D91CE400CEC1DE /* recordLightBackground.png in Resources */ = {isa = PBXBuildFile; fileRef = B507474C16D91CE400CEC1DE /* recordLightBackground.png */; };
		B507475116D91CE400CEC1DE /* recordLightBackground@2x.png in Resources */ = {isa = PBXBuildFile; fileRef = B507474D16D91CE400CEC1DE /* recordLightBackground@2x.png */; };
		B50EBE1E16D4BE5C0090433B /* compass_needle.png in Resources */ = {isa = PBXBuildFile; fileRef = B50EBE1D16D4BE5C0090433B /* compass_needle.png */; };
		B5105F6516E48B2200428887 /* resumeSymbol.png in Resources */ = {isa = PBXBuildFile; fileRef = B5105F6316E48B2200428887 /* resumeSymbol.png */; };
		B5105F6616E48B2200428887 /* resumeSymbol@2x.png in Resources */ = {isa = PBXBuildFile; fileRef = B5105F6416E48B2200428887 /* resumeSymbol@2x.png */; };
		B524F61B16DF8E98000DD5C0 /* completeLabel.png in Resources */ = {isa = PBXBuildFile; fileRef = B524F61716DF8E98000DD5C0 /* completeLabel.png */; };
		B524F61C16DF8E98000DD5C0 /* completeLabel@2x.png in Resources */ = {isa = PBXBuildFile; fileRef = B524F61816DF8E98000DD5C0 /* completeLabel@2x.png */; };
		B524F61D16DF8E98000DD5C0 /* recodingLabel.png in Resources */ = {isa = PBXBuildFile; fileRef = B524F61916DF8E98000DD5C0 /* recodingLabel.png */; };
		B524F61E16DF8E98000DD5C0 /* recodingLabel@2x.png in Resources */ = {isa = PBXBuildFile; fileRef = B524F61A16DF8E98000DD5C0 /* recodingLabel@2x.png */; };
		B568976A16DDFC2300A07DFC /* SettingsManager.m in Sources */ = {isa = PBXBuildFile; fileRef = B568976916DDFC2300A07DFC /* SettingsManager.m */; };
		B568976C16DE0D1B00A07DFC /* Icon.png in Resources */ = {isa = PBXBuildFile; fileRef = B568976B16DE0D1B00A07DFC /* Icon.png */; };
		B568976E16DE0D2100A07DFC /* Icon@2x.png in Resources */ = {isa = PBXBuildFile; fileRef = B568976D16DE0D2100A07DFC /* Icon@2x.png */; };
		B571D29116E09847005F3EFB /* locationSymbolDisabled.png in Resources */ = {isa = PBXBuildFile; fileRef = B571D28D16E09847005F3EFB /* locationSymbolDisabled.png */; };
		B571D29216E09847005F3EFB /* locationSymbolDisabled@2x.png in Resources */ = {isa = PBXBuildFile; fileRef = B571D28E16E09847005F3EFB /* locationSymbolDisabled@2x.png */; };
		B571D29316E09847005F3EFB /* locationSymbolEnabled.png in Resources */ = {isa = PBXBuildFile; fileRef = B571D28F16E09847005F3EFB /* locationSymbolEnabled.png */; };
		B571D29416E09847005F3EFB /* locationSymbolEnabled@2x.png in Resources */ = {isa = PBXBuildFile; fileRef = B571D29016E09847005F3EFB /* locationSymbolEnabled@2x.png */; };
		B578C0E816DB5356007A36A1 /* compass_needle@2x.png in Resources */ = {isa = PBXBuildFile; fileRef = B578C0E716DB5356007A36A1 /* compass_needle@2x.png */; };
		B578C0EB16DB53F6007A36A1 /* compassBackground.png in Resources */ = {isa = PBXBuildFile; fileRef = B578C0E916DB53F6007A36A1 /* compassBackground.png */; };
		B578C0EC16DB53F6007A36A1 /* compassBackground@2x.png in Resources */ = {isa = PBXBuildFile; fileRef = B578C0EA16DB53F6007A36A1 /* compassBackground@2x.png */; };
		B578C0F516DB5898007A36A1 /* clockSymbol.png in Resources */ = {isa = PBXBuildFile; fileRef = B578C0ED16DB5898007A36A1 /* clockSymbol.png */; };
		B578C0F616DB5898007A36A1 /* clockSymbol@2x.png in Resources */ = {isa = PBXBuildFile; fileRef = B578C0EE16DB5898007A36A1 /* clockSymbol@2x.png */; };
		B578C0F716DB5898007A36A1 /* latLonSymbol.png in Resources */ = {isa = PBXBuildFile; fileRef = B578C0EF16DB5898007A36A1 /* latLonSymbol.png */; };
		B578C0F816DB5898007A36A1 /* latLonSymbol@2x.png in Resources */ = {isa = PBXBuildFile; fileRef = B578C0F016DB5898007A36A1 /* latLonSymbol@2x.png */; };
		B578C0F916DB5898007A36A1 /* mapButton.png in Resources */ = {isa = PBXBuildFile; fileRef = B578C0F116DB5898007A36A1 /* mapButton.png */; };
		B578C0FA16DB5898007A36A1 /* mapButton@2x.png in Resources */ = {isa = PBXBuildFile; fileRef = B578C0F216DB5898007A36A1 /* mapButton@2x.png */; };
		B578C0FB16DB5898007A36A1 /* mapPointSymbol.png in Resources */ = {isa = PBXBuildFile; fileRef = B578C0F316DB5898007A36A1 /* mapPointSymbol.png */; };
		B578C0FC16DB5898007A36A1 /* mapPointSymbol@2x.png in Resources */ = {isa = PBXBuildFile; fileRef = B578C0F416DB5898007A36A1 /* mapPointSymbol@2x.png */; };
		B578C0FF16DB9F10007A36A1 /* speedometerSymbol.png in Resources */ = {isa = PBXBuildFile; fileRef = B578C0FD16DB9F10007A36A1 /* speedometerSymbol.png */; };
		B578C10016DB9F10007A36A1 /* speedometerSymbol@2x.png in Resources */ = {isa = PBXBuildFile; fileRef = B578C0FE16DB9F10007A36A1 /* speedometerSymbol@2x.png */; };
		B578C10316DCA2E4007A36A1 /* listSymbol.png in Resources */ = {isa = PBXBuildFile; fileRef = B578C10116DCA2E4007A36A1 /* listSymbol.png */; };
		B578C10416DCA2E4007A36A1 /* listSymbol@2x.png in Resources */ = {isa = PBXBuildFile; fileRef = B578C10216DCA2E4007A36A1 /* listSymbol@2x.png */; };
		B599F91516D8FB1D003C0D37 /* optionsBackground.png in Resources */ = {isa = PBXBuildFile; fileRef = B599F91316D8FB1D003C0D37 /* optionsBackground.png */; };
		B599F91616D8FB1D003C0D37 /* optionsBackground@2x.png in Resources */ = {isa = PBXBuildFile; fileRef = B599F91416D8FB1D003C0D37 /* optionsBackground@2x.png */; };
		B599F91D16D8FCF4003C0D37 /* compassButton.png in Resources */ = {isa = PBXBuildFile; fileRef = B599F91716D8FCF4003C0D37 /* compassButton.png */; };
		B599F91E16D8FCF4003C0D37 /* compassButton@2x.png in Resources */ = {isa = PBXBuildFile; fileRef = B599F91816D8FCF4003C0D37 /* compassButton@2x.png */; };
		B599F91F16D8FCF4003C0D37 /* recordButton.png in Resources */ = {isa = PBXBuildFile; fileRef = B599F91916D8FCF4003C0D37 /* recordButton.png */; };
		B599F92016D8FCF4003C0D37 /* recordButton@2x.png in Resources */ = {isa = PBXBuildFile; fileRef = B599F91A16D8FCF4003C0D37 /* recordButton@2x.png */; };
		B599F92116D8FCF4003C0D37 /* stopButton.png in Resources */ = {isa = PBXBuildFile; fileRef = B599F91B16D8FCF4003C0D37 /* stopButton.png */; };
		B599F92216D8FCF4003C0D37 /* stopButton@2x.png in Resources */ = {isa = PBXBuildFile; fileRef = B599F91C16D8FCF4003C0D37 /* stopButton@2x.png */; };
		B59C374416E779BD0090D395 /* Trip.m in Sources */ = {isa = PBXBuildFile; fileRef = B59C374316E779BD0090D395 /* Trip.m */; };
		B5AE901116DF4A0D003A36C6 /* TripHistoryTableViewCell.m in Sources */ = {isa = PBXBuildFile; fileRef = B5AE901016DF4A0D003A36C6 /* TripHistoryTableViewCell.m */; };
		B5F6165916DD4224005BDB7C /* deleteSymbol.png in Resources */ = {isa = PBXBuildFile; fileRef = B5F6165316DD4224005BDB7C /* deleteSymbol.png */; };
		B5F6165A16DD4224005BDB7C /* deleteSymbol@2x.png in Resources */ = {isa = PBXBuildFile; fileRef = B5F6165416DD4224005BDB7C /* deleteSymbol@2x.png */; };
		B5F6165B16DD4224005BDB7C /* infoSymbol.png in Resources */ = {isa = PBXBuildFile; fileRef = B5F6165516DD4224005BDB7C /* infoSymbol.png */; };
		B5F6165C16DD4224005BDB7C /* infoSymbol@2x.png in Resources */ = {isa = PBXBuildFile; fileRef = B5F6165616DD4224005BDB7C /* infoSymbol@2x.png */; };
		B5F6165D16DD4224005BDB7C /* shareIcon.png in Resources */ = {isa = PBXBuildFile; fileRef = B5F6165716DD4224005BDB7C /* shareIcon.png */; };
		B5F6165E16DD4224005BDB7C /* shareIcon@2x.png in Resources */ = {isa = PBXBuildFile; fileRef = B5F6165816DD4224005BDB7C /* shareIcon@2x.png */; };
		B5F6166316DD6950005BDB7C /* bluetoothSymbol.png in Resources */ = {isa = PBXBuildFile; fileRef = B5F6165F16DD6950005BDB7C /* bluetoothSymbol.png */; };
		B5F6166416DD6950005BDB7C /* bluetoothSymbol@2x.png in Resources */ = {isa = PBXBuildFile; fileRef = B5F6166016DD6950005BDB7C /* bluetoothSymbol@2x.png */; };
		B5F6166516DD6950005BDB7C /* mailSymbol.png in Resources */ = {isa = PBXBuildFile; fileRef = B5F6166116DD6950005BDB7C /* mailSymbol.png */; };
		B5F6166616DD6950005BDB7C /* mailSymbol@2x.png in Resources */ = {isa = PBXBuildFile; fileRef = B5F6166216DD6950005BDB7C /* mailSymbol@2x.png */; };
		B5F6166916DD6ECD005BDB7C /* trashCanSymbol.png in Resources */ = {isa = PBXBuildFile; fileRef = B5F6166716DD6ECD005BDB7C /* trashCanSymbol.png */; };
		B5F6166A16DD6ECD005BDB7C /* trashCanSymbol@2x.png in Resources */ = {isa = PBXBuildFile; fileRef = B5F6166816DD6ECD005BDB7C /* trashCanSymbol@2x.png */; };
		B5F6166D16DD7405005BDB7C /* backSymbol.png in Resources */ = {isa = PBXBuildFile; fileRef = B5F6166B16DD7405005BDB7C /* backSymbol.png */; };
		B5F6166E16DD7405005BDB7C /* backSymbol@2x.png in Resources */ = {isa = PBXBuildFile; fileRef = B5F6166C16DD7405005BDB7C /* backSymbol@2x.png */; };
		B5F6167116DD7568005BDB7C /* acceptSymbol.png in Resources */ = {isa = PBXBuildFile; fileRef = B5F6166F16DD7568005BDB7C /* acceptSymbol.png */; };
		B5F6167216DD7568005BDB7C /* acceptSymbol@2x.png in Resources */ = {isa = PBXBuildFile; fileRef = B5F6167016DD7568005BDB7C /* acceptSymbol@2x.png */; };
		B5F6167816DDF389005BDB7C /* SettingsViewController.m in Sources */ = {isa = PBXBuildFile; fileRef = B5F6167716DDF389005BDB7C /* SettingsViewController.m */; };
/* End PBXBuildFile section */

/* Begin PBXFileReference section */
		0B116D4037E14E9D9793F966 /* libPods.a */ = {isa = PBXFileReference; explicitFileType = archive.ar; includeInIndex = 0; path = libPods.a; sourceTree = BUILT_PRODUCTS_DIR; };
		2DBC77A785094963AD97707F /* Pods.xcconfig */ = {isa = PBXFileReference; includeInIndex = 1; lastKnownFileType = text.xcconfig; name = Pods.xcconfig; path = Pods/Pods.xcconfig; sourceTree = SOURCE_ROOT; };
		3A04326A1678FFBB009485B3 /* CoreData.framework */ = {isa = PBXFileReference; lastKnownFileType = wrapper.framework; name = CoreData.framework; path = System/Library/Frameworks/CoreData.framework; sourceTree = SDKROOT; };
		3A072B6E167F699C00349316 /* BRDateUtils.h */ = {isa = PBXFileReference; fileEncoding = 4; lastKnownFileType = sourcecode.c.h; path = BRDateUtils.h; sourceTree = "<group>"; };
		3A072B6F167F699C00349316 /* BRDateUtils.m */ = {isa = PBXFileReference; fileEncoding = 4; lastKnownFileType = sourcecode.c.objc; path = BRDateUtils.m; sourceTree = "<group>"; };
		3A072B71167F796B00349316 /* BRMapAnnotation.h */ = {isa = PBXFileReference; fileEncoding = 4; lastKnownFileType = sourcecode.c.h; path = BRMapAnnotation.h; sourceTree = "<group>"; };
		3A072B72167F796C00349316 /* BRMapAnnotation.m */ = {isa = PBXFileReference; fileEncoding = 4; lastKnownFileType = sourcecode.c.objc; path = BRMapAnnotation.m; sourceTree = "<group>"; };
		3A072B79167FC7A900349316 /* BRBaseMapViewController.h */ = {isa = PBXFileReference; fileEncoding = 4; lastKnownFileType = sourcecode.c.h; path = BRBaseMapViewController.h; sourceTree = "<group>"; };
		3A072B7A167FC7A900349316 /* BRBaseMapViewController.m */ = {isa = PBXFileReference; fileEncoding = 4; lastKnownFileType = sourcecode.c.objc; path = BRBaseMapViewController.m; sourceTree = "<group>"; };
		3A2059A216945AA700E81FB4 /* ExtendedManagedObject.h */ = {isa = PBXFileReference; fileEncoding = 4; lastKnownFileType = sourcecode.c.h; path = ExtendedManagedObject.h; sourceTree = "<group>"; };
		3A2059A316945AA700E81FB4 /* ExtendedManagedObject.m */ = {isa = PBXFileReference; fileEncoding = 4; lastKnownFileType = sourcecode.c.objc; path = ExtendedManagedObject.m; sourceTree = "<group>"; };
		3A2059A416945AA700E81FB4 /* GPSPoint.h */ = {isa = PBXFileReference; fileEncoding = 4; lastKnownFileType = sourcecode.c.h; path = GPSPoint.h; sourceTree = "<group>"; };
		3A2059A516945AA700E81FB4 /* GPSPoint.m */ = {isa = PBXFileReference; fileEncoding = 4; lastKnownFileType = sourcecode.c.objc; path = GPSPoint.m; sourceTree = "<group>"; };
		3A2059A616945AA700E81FB4 /* Gretel.xcdatamodel */ = {isa = PBXFileReference; lastKnownFileType = wrapper.xcdatamodel; path = Gretel.xcdatamodel; sourceTree = "<group>"; };
		3A43D62516761D1F007E9A84 /* Gretel.app */ = {isa = PBXFileReference; explicitFileType = wrapper.application; includeInIndex = 0; path = Gretel.app; sourceTree = BUILT_PRODUCTS_DIR; };
		3A43D62916761D1F007E9A84 /* UIKit.framework */ = {isa = PBXFileReference; lastKnownFileType = wrapper.framework; name = UIKit.framework; path = System/Library/Frameworks/UIKit.framework; sourceTree = SDKROOT; };
		3A43D62B16761D1F007E9A84 /* Foundation.framework */ = {isa = PBXFileReference; lastKnownFileType = wrapper.framework; name = Foundation.framework; path = System/Library/Frameworks/Foundation.framework; sourceTree = SDKROOT; };
		3A43D62D16761D1F007E9A84 /* CoreGraphics.framework */ = {isa = PBXFileReference; lastKnownFileType = wrapper.framework; name = CoreGraphics.framework; path = System/Library/Frameworks/CoreGraphics.framework; sourceTree = SDKROOT; };
		3A43D63116761D1F007E9A84 /* Gretel-Info.plist */ = {isa = PBXFileReference; lastKnownFileType = text.plist.xml; path = "Gretel-Info.plist"; sourceTree = "<group>"; };
		3A43D63316761D1F007E9A84 /* en */ = {isa = PBXFileReference; lastKnownFileType = text.plist.strings; name = en; path = en.lproj/InfoPlist.strings; sourceTree = "<group>"; };
		3A43D63516761D1F007E9A84 /* main.m */ = {isa = PBXFileReference; lastKnownFileType = sourcecode.c.objc; path = main.m; sourceTree = "<group>"; };
		3A43D63716761D1F007E9A84 /* Gretel-Prefix.pch */ = {isa = PBXFileReference; lastKnownFileType = sourcecode.c.h; path = "Gretel-Prefix.pch"; sourceTree = "<group>"; };
		3A43D63816761D1F007E9A84 /* AppDelegate.h */ = {isa = PBXFileReference; lastKnownFileType = sourcecode.c.h; path = AppDelegate.h; sourceTree = "<group>"; };
		3A43D63916761D1F007E9A84 /* AppDelegate.m */ = {isa = PBXFileReference; lastKnownFileType = sourcecode.c.objc; path = AppDelegate.m; sourceTree = "<group>"; };
		3A43D63B16761D1F007E9A84 /* Default.png */ = {isa = PBXFileReference; lastKnownFileType = image.png; path = Default.png; sourceTree = "<group>"; };
		3A43D63D16761D1F007E9A84 /* Default@2x.png */ = {isa = PBXFileReference; lastKnownFileType = image.png; path = "Default@2x.png"; sourceTree = "<group>"; };
		3A43D63F16761D1F007E9A84 /* Default-568h@2x.png */ = {isa = PBXFileReference; lastKnownFileType = image.png; path = "Default-568h@2x.png"; sourceTree = "<group>"; };
		3A43D64216761D1F007E9A84 /* en */ = {isa = PBXFileReference; lastKnownFileType = file.storyboard; name = en; path = en.lproj/MainStoryboard_iPhone.storyboard; sourceTree = "<group>"; };
		3A43D64716761D1F007E9A84 /* RecordNewTripViewController.h */ = {isa = PBXFileReference; lastKnownFileType = sourcecode.c.h; path = RecordNewTripViewController.h; sourceTree = "<group>"; };
		3A43D64816761D1F007E9A84 /* RecordNewTripViewController.m */ = {isa = PBXFileReference; lastKnownFileType = sourcecode.c.objc; path = RecordNewTripViewController.m; sourceTree = "<group>"; };
		3A43D65016761D64007E9A84 /* GeoManager.h */ = {isa = PBXFileReference; fileEncoding = 4; lastKnownFileType = sourcecode.c.h; path = GeoManager.h; sourceTree = "<group>"; };
		3A43D65116761D64007E9A84 /* GeoManager.m */ = {isa = PBXFileReference; fileEncoding = 4; lastKnownFileType = sourcecode.c.objc; path = GeoManager.m; sourceTree = "<group>"; };
		3A43D65316761D75007E9A84 /* CoreLocation.framework */ = {isa = PBXFileReference; lastKnownFileType = wrapper.framework; name = CoreLocation.framework; path = System/Library/Frameworks/CoreLocation.framework; sourceTree = SDKROOT; };
		3A43D66A1678B629007E9A84 /* MapKit.framework */ = {isa = PBXFileReference; lastKnownFileType = wrapper.framework; name = MapKit.framework; path = System/Library/Frameworks/MapKit.framework; sourceTree = SDKROOT; };
		3A43D6771678DEB4007E9A84 /* morrocco.gpx */ = {isa = PBXFileReference; fileEncoding = 4; lastKnownFileType = text.xml; path = morrocco.gpx; sourceTree = "<group>"; };
		3A46C56316844B6800C79C29 /* ExternalAccessory.framework */ = {isa = PBXFileReference; lastKnownFileType = wrapper.framework; name = ExternalAccessory.framework; path = System/Library/Frameworks/ExternalAccessory.framework; sourceTree = SDKROOT; };
		3A8C974D167A1A18000E2259 /* HistoryViewController.h */ = {isa = PBXFileReference; fileEncoding = 4; lastKnownFileType = sourcecode.c.h; path = HistoryViewController.h; sourceTree = "<group>"; };
		3A8C974E167A1A18000E2259 /* HistoryViewController.m */ = {isa = PBXFileReference; fileEncoding = 4; lastKnownFileType = sourcecode.c.objc; path = HistoryViewController.m; sourceTree = "<group>"; };
		3A8C975C167A8518000E2259 /* TripDetailViewController.h */ = {isa = PBXFileReference; fileEncoding = 4; lastKnownFileType = sourcecode.c.h; path = TripDetailViewController.h; sourceTree = "<group>"; };
		3A8C975D167A8518000E2259 /* TripDetailViewController.m */ = {isa = PBXFileReference; fileEncoding = 4; lastKnownFileType = sourcecode.c.objc; path = TripDetailViewController.m; sourceTree = "<group>"; };
		3A8C9761167B123A000E2259 /* GPXFactory.h */ = {isa = PBXFileReference; fileEncoding = 4; lastKnownFileType = sourcecode.c.h; path = GPXFactory.h; sourceTree = "<group>"; };
		3A8C9762167B123A000E2259 /* GPXFactory.m */ = {isa = PBXFileReference; fileEncoding = 4; lastKnownFileType = sourcecode.c.objc; path = GPXFactory.m; sourceTree = "<group>"; };
		3A8C9772167B2F3D000E2259 /* ShareManager.h */ = {isa = PBXFileReference; fileEncoding = 4; lastKnownFileType = sourcecode.c.h; path = ShareManager.h; sourceTree = "<group>"; };
		3A8C9773167B2F3D000E2259 /* ShareManager.m */ = {isa = PBXFileReference; fileEncoding = 4; lastKnownFileType = sourcecode.c.objc; path = ShareManager.m; sourceTree = "<group>"; };
		3A8C9775167B2F7A000E2259 /* MessageUI.framework */ = {isa = PBXFileReference; lastKnownFileType = wrapper.framework; name = MessageUI.framework; path = System/Library/Frameworks/MessageUI.framework; sourceTree = SDKROOT; };
		3AA12B901684551D0003FE03 /* GameKit.framework */ = {isa = PBXFileReference; lastKnownFileType = wrapper.framework; name = GameKit.framework; path = System/Library/Frameworks/GameKit.framework; sourceTree = SDKROOT; };
		3AE64CA416E4B08000C830AF /* TripManager.h */ = {isa = PBXFileReference; fileEncoding = 4; lastKnownFileType = sourcecode.c.h; path = TripManager.h; sourceTree = "<group>"; };
		3AE64CA516E4B08000C830AF /* TripManager.m */ = {isa = PBXFileReference; fileEncoding = 4; lastKnownFileType = sourcecode.c.objc; path = TripManager.m; sourceTree = "<group>"; };
		B507473716D9029900CEC1DE /* pauseButton.png */ = {isa = PBXFileReference; lastKnownFileType = image.png; path = pauseButton.png; sourceTree = "<group>"; };
		B507473816D9029900CEC1DE /* pauseButton@2x.png */ = {isa = PBXFileReference; lastKnownFileType = image.png; path = "pauseButton@2x.png"; sourceTree = "<group>"; };
		B507473B16D9039600CEC1DE /* BaseNavigationViewController.h */ = {isa = PBXFileReference; fileEncoding = 4; lastKnownFileType = sourcecode.c.h; path = BaseNavigationViewController.h; sourceTree = "<group>"; };
		B507473C16D9039600CEC1DE /* BaseNavigationViewController.m */ = {isa = PBXFileReference; fileEncoding = 4; lastKnownFileType = sourcecode.c.objc; path = BaseNavigationViewController.m; sourceTree = "<group>"; };
		B507474216D9065B00CEC1DE /* navigationBarBackground.png */ = {isa = PBXFileReference; lastKnownFileType = image.png; path = navigationBarBackground.png; sourceTree = "<group>"; };
		B507474316D9065B00CEC1DE /* navigationBarBackground@2x.png */ = {isa = PBXFileReference; lastKnownFileType = image.png; path = "navigationBarBackground@2x.png"; sourceTree = "<group>"; };
		B507474616D907C200CEC1DE /* viewBackgrond.png */ = {isa = PBXFileReference; lastKnownFileType = image.png; path = viewBackgrond.png; sourceTree = "<group>"; };
		B507474716D907C200CEC1DE /* viewBackgrond@2x.png */ = {isa = PBXFileReference; lastKnownFileType = image.png; path = "viewBackgrond@2x.png"; sourceTree = "<group>"; };
		B507474A16D91CE400CEC1DE /* recordLight.png */ = {isa = PBXFileReference; lastKnownFileType = image.png; path = recordLight.png; sourceTree = "<group>"; };
		B507474B16D91CE400CEC1DE /* recordLight@2x.png */ = {isa = PBXFileReference; lastKnownFileType = image.png; path = "recordLight@2x.png"; sourceTree = "<group>"; };
		B507474C16D91CE400CEC1DE /* recordLightBackground.png */ = {isa = PBXFileReference; lastKnownFileType = image.png; path = recordLightBackground.png; sourceTree = "<group>"; };
		B507474D16D91CE400CEC1DE /* recordLightBackground@2x.png */ = {isa = PBXFileReference; lastKnownFileType = image.png; path = "recordLightBackground@2x.png"; sourceTree = "<group>"; };
		B50EBE1D16D4BE5C0090433B /* compass_needle.png */ = {isa = PBXFileReference; lastKnownFileType = image.png; path = compass_needle.png; sourceTree = "<group>"; };
		B5105F6316E48B2200428887 /* resumeSymbol.png */ = {isa = PBXFileReference; lastKnownFileType = image.png; path = resumeSymbol.png; sourceTree = "<group>"; };
		B5105F6416E48B2200428887 /* resumeSymbol@2x.png */ = {isa = PBXFileReference; lastKnownFileType = image.png; path = "resumeSymbol@2x.png"; sourceTree = "<group>"; };
		B524F61716DF8E98000DD5C0 /* completeLabel.png */ = {isa = PBXFileReference; lastKnownFileType = image.png; path = completeLabel.png; sourceTree = "<group>"; };
		B524F61816DF8E98000DD5C0 /* completeLabel@2x.png */ = {isa = PBXFileReference; lastKnownFileType = image.png; path = "completeLabel@2x.png"; sourceTree = "<group>"; };
		B524F61916DF8E98000DD5C0 /* recodingLabel.png */ = {isa = PBXFileReference; lastKnownFileType = image.png; path = recodingLabel.png; sourceTree = "<group>"; };
		B524F61A16DF8E98000DD5C0 /* recodingLabel@2x.png */ = {isa = PBXFileReference; lastKnownFileType = image.png; path = "recodingLabel@2x.png"; sourceTree = "<group>"; };
		B568976816DDFC2300A07DFC /* SettingsManager.h */ = {isa = PBXFileReference; fileEncoding = 4; lastKnownFileType = sourcecode.c.h; path = SettingsManager.h; sourceTree = "<group>"; };
		B568976916DDFC2300A07DFC /* SettingsManager.m */ = {isa = PBXFileReference; fileEncoding = 4; lastKnownFileType = sourcecode.c.objc; path = SettingsManager.m; sourceTree = "<group>"; };
		B568976B16DE0D1B00A07DFC /* Icon.png */ = {isa = PBXFileReference; lastKnownFileType = image.png; path = Icon.png; sourceTree = "<group>"; };
		B568976D16DE0D2100A07DFC /* Icon@2x.png */ = {isa = PBXFileReference; lastKnownFileType = image.png; path = "Icon@2x.png"; sourceTree = "<group>"; };
		B571D28D16E09847005F3EFB /* locationSymbolDisabled.png */ = {isa = PBXFileReference; lastKnownFileType = image.png; path = locationSymbolDisabled.png; sourceTree = "<group>"; };
		B571D28E16E09847005F3EFB /* locationSymbolDisabled@2x.png */ = {isa = PBXFileReference; lastKnownFileType = image.png; path = "locationSymbolDisabled@2x.png"; sourceTree = "<group>"; };
		B571D28F16E09847005F3EFB /* locationSymbolEnabled.png */ = {isa = PBXFileReference; lastKnownFileType = image.png; path = locationSymbolEnabled.png; sourceTree = "<group>"; };
		B571D29016E09847005F3EFB /* locationSymbolEnabled@2x.png */ = {isa = PBXFileReference; lastKnownFileType = image.png; path = "locationSymbolEnabled@2x.png"; sourceTree = "<group>"; };
		B578C0E716DB5356007A36A1 /* compass_needle@2x.png */ = {isa = PBXFileReference; lastKnownFileType = image.png; path = "compass_needle@2x.png"; sourceTree = "<group>"; };
		B578C0E916DB53F6007A36A1 /* compassBackground.png */ = {isa = PBXFileReference; lastKnownFileType = image.png; path = compassBackground.png; sourceTree = "<group>"; };
		B578C0EA16DB53F6007A36A1 /* compassBackground@2x.png */ = {isa = PBXFileReference; lastKnownFileType = image.png; path = "compassBackground@2x.png"; sourceTree = "<group>"; };
		B578C0ED16DB5898007A36A1 /* clockSymbol.png */ = {isa = PBXFileReference; lastKnownFileType = image.png; path = clockSymbol.png; sourceTree = "<group>"; };
		B578C0EE16DB5898007A36A1 /* clockSymbol@2x.png */ = {isa = PBXFileReference; lastKnownFileType = image.png; path = "clockSymbol@2x.png"; sourceTree = "<group>"; };
		B578C0EF16DB5898007A36A1 /* latLonSymbol.png */ = {isa = PBXFileReference; lastKnownFileType = image.png; path = latLonSymbol.png; sourceTree = "<group>"; };
		B578C0F016DB5898007A36A1 /* latLonSymbol@2x.png */ = {isa = PBXFileReference; lastKnownFileType = image.png; path = "latLonSymbol@2x.png"; sourceTree = "<group>"; };
		B578C0F116DB5898007A36A1 /* mapButton.png */ = {isa = PBXFileReference; lastKnownFileType = image.png; path = mapButton.png; sourceTree = "<group>"; };
		B578C0F216DB5898007A36A1 /* mapButton@2x.png */ = {isa = PBXFileReference; lastKnownFileType = image.png; path = "mapButton@2x.png"; sourceTree = "<group>"; };
		B578C0F316DB5898007A36A1 /* mapPointSymbol.png */ = {isa = PBXFileReference; lastKnownFileType = image.png; path = mapPointSymbol.png; sourceTree = "<group>"; };
		B578C0F416DB5898007A36A1 /* mapPointSymbol@2x.png */ = {isa = PBXFileReference; lastKnownFileType = image.png; path = "mapPointSymbol@2x.png"; sourceTree = "<group>"; };
		B578C0FD16DB9F10007A36A1 /* speedometerSymbol.png */ = {isa = PBXFileReference; lastKnownFileType = image.png; path = speedometerSymbol.png; sourceTree = "<group>"; };
		B578C0FE16DB9F10007A36A1 /* speedometerSymbol@2x.png */ = {isa = PBXFileReference; lastKnownFileType = image.png; path = "speedometerSymbol@2x.png"; sourceTree = "<group>"; };
		B578C10116DCA2E4007A36A1 /* listSymbol.png */ = {isa = PBXFileReference; lastKnownFileType = image.png; path = listSymbol.png; sourceTree = "<group>"; };
		B578C10216DCA2E4007A36A1 /* listSymbol@2x.png */ = {isa = PBXFileReference; lastKnownFileType = image.png; path = "listSymbol@2x.png"; sourceTree = "<group>"; };
		B599F91316D8FB1D003C0D37 /* optionsBackground.png */ = {isa = PBXFileReference; lastKnownFileType = image.png; path = optionsBackground.png; sourceTree = "<group>"; };
		B599F91416D8FB1D003C0D37 /* optionsBackground@2x.png */ = {isa = PBXFileReference; lastKnownFileType = image.png; path = "optionsBackground@2x.png"; sourceTree = "<group>"; };
		B599F91716D8FCF4003C0D37 /* compassButton.png */ = {isa = PBXFileReference; lastKnownFileType = image.png; path = compassButton.png; sourceTree = "<group>"; };
		B599F91816D8FCF4003C0D37 /* compassButton@2x.png */ = {isa = PBXFileReference; lastKnownFileType = image.png; path = "compassButton@2x.png"; sourceTree = "<group>"; };
		B599F91916D8FCF4003C0D37 /* recordButton.png */ = {isa = PBXFileReference; lastKnownFileType = image.png; path = recordButton.png; sourceTree = "<group>"; };
		B599F91A16D8FCF4003C0D37 /* recordButton@2x.png */ = {isa = PBXFileReference; lastKnownFileType = image.png; path = "recordButton@2x.png"; sourceTree = "<group>"; };
		B599F91B16D8FCF4003C0D37 /* stopButton.png */ = {isa = PBXFileReference; lastKnownFileType = image.png; path = stopButton.png; sourceTree = "<group>"; };
		B599F91C16D8FCF4003C0D37 /* stopButton@2x.png */ = {isa = PBXFileReference; lastKnownFileType = image.png; path = "stopButton@2x.png"; sourceTree = "<group>"; };
		B59C374216E779BD0090D395 /* Trip.h */ = {isa = PBXFileReference; fileEncoding = 4; lastKnownFileType = sourcecode.c.h; path = Trip.h; sourceTree = "<group>"; };
		B59C374316E779BD0090D395 /* Trip.m */ = {isa = PBXFileReference; fileEncoding = 4; lastKnownFileType = sourcecode.c.objc; path = Trip.m; sourceTree = "<group>"; };
		B5AE900F16DF4A0D003A36C6 /* TripHistoryTableViewCell.h */ = {isa = PBXFileReference; fileEncoding = 4; lastKnownFileType = sourcecode.c.h; path = TripHistoryTableViewCell.h; sourceTree = "<group>"; };
		B5AE901016DF4A0D003A36C6 /* TripHistoryTableViewCell.m */ = {isa = PBXFileReference; fileEncoding = 4; lastKnownFileType = sourcecode.c.objc; path = TripHistoryTableViewCell.m; sourceTree = "<group>"; };
		B5F6165316DD4224005BDB7C /* deleteSymbol.png */ = {isa = PBXFileReference; lastKnownFileType = image.png; path = deleteSymbol.png; sourceTree = "<group>"; };
		B5F6165416DD4224005BDB7C /* deleteSymbol@2x.png */ = {isa = PBXFileReference; lastKnownFileType = image.png; path = "deleteSymbol@2x.png"; sourceTree = "<group>"; };
		B5F6165516DD4224005BDB7C /* infoSymbol.png */ = {isa = PBXFileReference; lastKnownFileType = image.png; path = infoSymbol.png; sourceTree = "<group>"; };
		B5F6165616DD4224005BDB7C /* infoSymbol@2x.png */ = {isa = PBXFileReference; lastKnownFileType = image.png; path = "infoSymbol@2x.png"; sourceTree = "<group>"; };
		B5F6165716DD4224005BDB7C /* shareIcon.png */ = {isa = PBXFileReference; lastKnownFileType = image.png; path = shareIcon.png; sourceTree = "<group>"; };
		B5F6165816DD4224005BDB7C /* shareIcon@2x.png */ = {isa = PBXFileReference; lastKnownFileType = image.png; path = "shareIcon@2x.png"; sourceTree = "<group>"; };
		B5F6165F16DD6950005BDB7C /* bluetoothSymbol.png */ = {isa = PBXFileReference; lastKnownFileType = image.png; path = bluetoothSymbol.png; sourceTree = "<group>"; };
		B5F6166016DD6950005BDB7C /* bluetoothSymbol@2x.png */ = {isa = PBXFileReference; lastKnownFileType = image.png; path = "bluetoothSymbol@2x.png"; sourceTree = "<group>"; };
		B5F6166116DD6950005BDB7C /* mailSymbol.png */ = {isa = PBXFileReference; lastKnownFileType = image.png; path = mailSymbol.png; sourceTree = "<group>"; };
		B5F6166216DD6950005BDB7C /* mailSymbol@2x.png */ = {isa = PBXFileReference; lastKnownFileType = image.png; path = "mailSymbol@2x.png"; sourceTree = "<group>"; };
		B5F6166716DD6ECD005BDB7C /* trashCanSymbol.png */ = {isa = PBXFileReference; lastKnownFileType = image.png; path = trashCanSymbol.png; sourceTree = "<group>"; };
		B5F6166816DD6ECD005BDB7C /* trashCanSymbol@2x.png */ = {isa = PBXFileReference; lastKnownFileType = image.png; path = "trashCanSymbol@2x.png"; sourceTree = "<group>"; };
		B5F6166B16DD7405005BDB7C /* backSymbol.png */ = {isa = PBXFileReference; lastKnownFileType = image.png; path = backSymbol.png; sourceTree = "<group>"; };
		B5F6166C16DD7405005BDB7C /* backSymbol@2x.png */ = {isa = PBXFileReference; lastKnownFileType = image.png; path = "backSymbol@2x.png"; sourceTree = "<group>"; };
		B5F6166F16DD7568005BDB7C /* acceptSymbol.png */ = {isa = PBXFileReference; lastKnownFileType = image.png; path = acceptSymbol.png; sourceTree = "<group>"; };
		B5F6167016DD7568005BDB7C /* acceptSymbol@2x.png */ = {isa = PBXFileReference; lastKnownFileType = image.png; path = "acceptSymbol@2x.png"; sourceTree = "<group>"; };
		B5F6167616DDF389005BDB7C /* SettingsViewController.h */ = {isa = PBXFileReference; fileEncoding = 4; lastKnownFileType = sourcecode.c.h; path = SettingsViewController.h; sourceTree = "<group>"; };
		B5F6167716DDF389005BDB7C /* SettingsViewController.m */ = {isa = PBXFileReference; fileEncoding = 4; lastKnownFileType = sourcecode.c.objc; path = SettingsViewController.m; sourceTree = "<group>"; };
/* End PBXFileReference section */

/* Begin PBXFrameworksBuildPhase section */
		3A43D62216761D1F007E9A84 /* Frameworks */ = {
			isa = PBXFrameworksBuildPhase;
			buildActionMask = 2147483647;
			files = (
				3AA12B911684551D0003FE03 /* GameKit.framework in Frameworks */,
				3A8C9776167B2F7A000E2259 /* MessageUI.framework in Frameworks */,
				3A04326B1678FFBB009485B3 /* CoreData.framework in Frameworks */,
				3A43D66B1678B629007E9A84 /* MapKit.framework in Frameworks */,
				3A43D65416761D75007E9A84 /* CoreLocation.framework in Frameworks */,
				3A43D62A16761D1F007E9A84 /* UIKit.framework in Frameworks */,
				3A43D62C16761D1F007E9A84 /* Foundation.framework in Frameworks */,
				3A43D62E16761D1F007E9A84 /* CoreGraphics.framework in Frameworks */,
				A6FBA14610DC4D3C8654D5C3 /* libPods.a in Frameworks */,
			);
			runOnlyForDeploymentPostprocessing = 0;
		};
/* End PBXFrameworksBuildPhase section */

/* Begin PBXGroup section */
		3A072B78167FBC1C00349316 /* GPX */ = {
			isa = PBXGroup;
			children = (
			);
			name = GPX;
			sourceTree = "<group>";
		};
		3A2059A016945A9C00E81FB4 /* Model */ = {
			isa = PBXGroup;
			children = (
				3A2059A216945AA700E81FB4 /* ExtendedManagedObject.h */,
				3A2059A316945AA700E81FB4 /* ExtendedManagedObject.m */,
				3A2059A416945AA700E81FB4 /* GPSPoint.h */,
				3A2059A516945AA700E81FB4 /* GPSPoint.m */,
				3A2059A616945AA700E81FB4 /* Gretel.xcdatamodel */,
				B59C374216E779BD0090D395 /* Trip.h */,
				B59C374316E779BD0090D395 /* Trip.m */,
			);
			name = Model;
			sourceTree = "<group>";
		};
		3A43D61A16761D1F007E9A84 = {
			isa = PBXGroup;
			children = (
				B568976D16DE0D2100A07DFC /* Icon@2x.png */,
				B568976B16DE0D1B00A07DFC /* Icon.png */,
				3A43D62F16761D1F007E9A84 /* Gretel */,
				3A43D62816761D1F007E9A84 /* Frameworks */,
				3A43D62616761D1F007E9A84 /* Products */,
				2DBC77A785094963AD97707F /* Pods.xcconfig */,
			);
			sourceTree = "<group>";
		};
		3A43D62616761D1F007E9A84 /* Products */ = {
			isa = PBXGroup;
			children = (
				3A43D62516761D1F007E9A84 /* Gretel.app */,
			);
			name = Products;
			sourceTree = "<group>";
		};
		3A43D62816761D1F007E9A84 /* Frameworks */ = {
			isa = PBXGroup;
			children = (
				3AA12B901684551D0003FE03 /* GameKit.framework */,
				3A46C56316844B6800C79C29 /* ExternalAccessory.framework */,
				3A8C9775167B2F7A000E2259 /* MessageUI.framework */,
				3A04326A1678FFBB009485B3 /* CoreData.framework */,
				3A43D66A1678B629007E9A84 /* MapKit.framework */,
				3A43D65316761D75007E9A84 /* CoreLocation.framework */,
				3A43D62916761D1F007E9A84 /* UIKit.framework */,
				3A43D62B16761D1F007E9A84 /* Foundation.framework */,
				3A43D62D16761D1F007E9A84 /* CoreGraphics.framework */,
				0B116D4037E14E9D9793F966 /* libPods.a */,
			);
			name = Frameworks;
			sourceTree = "<group>";
		};
		3A43D62F16761D1F007E9A84 /* Gretel */ = {
			isa = PBXGroup;
			children = (
				B50EBE1B16D4BE5C0090433B /* Resources */,
				3A2059A016945A9C00E81FB4 /* Model */,
				3A8C9777167B455D000E2259 /* Categories */,
				3A43D63816761D1F007E9A84 /* AppDelegate.h */,
				3A43D63916761D1F007E9A84 /* AppDelegate.m */,
				3A43D64116761D1F007E9A84 /* MainStoryboard_iPhone.storyboard */,
				3A43D64F16761D45007E9A84 /* Helpers */,
				3A8C9771167B1EC8000E2259 /* View Controllers */,
				3A43D63016761D1F007E9A84 /* Supporting Files */,
			);
			path = Gretel;
			sourceTree = "<group>";
		};
		3A43D63016761D1F007E9A84 /* Supporting Files */ = {
			isa = PBXGroup;
			children = (
				3A072B78167FBC1C00349316 /* GPX */,
				3A43D6771678DEB4007E9A84 /* morrocco.gpx */,
				3A43D63116761D1F007E9A84 /* Gretel-Info.plist */,
				3A43D63216761D1F007E9A84 /* InfoPlist.strings */,
				3A43D63516761D1F007E9A84 /* main.m */,
				3A43D63716761D1F007E9A84 /* Gretel-Prefix.pch */,
				3A43D63B16761D1F007E9A84 /* Default.png */,
				3A43D63D16761D1F007E9A84 /* Default@2x.png */,
				3A43D63F16761D1F007E9A84 /* Default-568h@2x.png */,
			);
			name = "Supporting Files";
			sourceTree = "<group>";
		};
		3A43D64F16761D45007E9A84 /* Helpers */ = {
			isa = PBXGroup;
			children = (
				3A43D65016761D64007E9A84 /* GeoManager.h */,
				3A43D65116761D64007E9A84 /* GeoManager.m */,
				3A8C9761167B123A000E2259 /* GPXFactory.h */,
				3A8C9762167B123A000E2259 /* GPXFactory.m */,
				3A8C9772167B2F3D000E2259 /* ShareManager.h */,
				3A8C9773167B2F3D000E2259 /* ShareManager.m */,
				3A072B6E167F699C00349316 /* BRDateUtils.h */,
				3A072B6F167F699C00349316 /* BRDateUtils.m */,
				3A92499B16A00855000F62AD /* BRMap */,
				B568976816DDFC2300A07DFC /* SettingsManager.h */,
				B568976916DDFC2300A07DFC /* SettingsManager.m */,
				3AE64CA416E4B08000C830AF /* TripManager.h */,
				3AE64CA516E4B08000C830AF /* TripManager.m */,
			);
			name = Helpers;
			sourceTree = "<group>";
		};
		3A8C9771167B1EC8000E2259 /* View Controllers */ = {
			isa = PBXGroup;
			children = (
				3A8C974D167A1A18000E2259 /* HistoryViewController.h */,
				3A8C974E167A1A18000E2259 /* HistoryViewController.m */,
				3A8C975C167A8518000E2259 /* TripDetailViewController.h */,
				3A8C975D167A8518000E2259 /* TripDetailViewController.m */,
				3A43D64716761D1F007E9A84 /* RecordNewTripViewController.h */,
				3A43D64816761D1F007E9A84 /* RecordNewTripViewController.m */,
				B507473B16D9039600CEC1DE /* BaseNavigationViewController.h */,
				B507473C16D9039600CEC1DE /* BaseNavigationViewController.m */,
				B5F6167616DDF389005BDB7C /* SettingsViewController.h */,
				B5F6167716DDF389005BDB7C /* SettingsViewController.m */,
				B5AE900F16DF4A0D003A36C6 /* TripHistoryTableViewCell.h */,
				B5AE901016DF4A0D003A36C6 /* TripHistoryTableViewCell.m */,
			);
			name = "View Controllers";
			sourceTree = "<group>";
		};
		3A8C9777167B455D000E2259 /* Categories */ = {
			isa = PBXGroup;
			children = (
			);
			name = Categories;
			sourceTree = "<group>";
		};
		3A92499B16A00855000F62AD /* BRMap */ = {
			isa = PBXGroup;
			children = (
				3A072B71167F796B00349316 /* BRMapAnnotation.h */,
				3A072B72167F796C00349316 /* BRMapAnnotation.m */,
				3A072B79167FC7A900349316 /* BRBaseMapViewController.h */,
				3A072B7A167FC7A900349316 /* BRBaseMapViewController.m */,
			);
			name = BRMap;
			sourceTree = "<group>";
		};
		B50EBE1B16D4BE5C0090433B /* Resources */ = {
			isa = PBXGroup;
			children = (
				B50EBE1C16D4BE5C0090433B /* Images */,
			);
			path = Resources;
			sourceTree = "<group>";
		};
		B50EBE1C16D4BE5C0090433B /* Images */ = {
			isa = PBXGroup;
			children = (
				B5105F6316E48B2200428887 /* resumeSymbol.png */,
				B5105F6416E48B2200428887 /* resumeSymbol@2x.png */,
				B571D28D16E09847005F3EFB /* locationSymbolDisabled.png */,
				B571D28E16E09847005F3EFB /* locationSymbolDisabled@2x.png */,
				B571D28F16E09847005F3EFB /* locationSymbolEnabled.png */,
				B571D29016E09847005F3EFB /* locationSymbolEnabled@2x.png */,
				B524F61716DF8E98000DD5C0 /* completeLabel.png */,
				B524F61816DF8E98000DD5C0 /* completeLabel@2x.png */,
				B524F61916DF8E98000DD5C0 /* recodingLabel.png */,
				B524F61A16DF8E98000DD5C0 /* recodingLabel@2x.png */,
				B5F6166F16DD7568005BDB7C /* acceptSymbol.png */,
				B5F6167016DD7568005BDB7C /* acceptSymbol@2x.png */,
				B5F6166B16DD7405005BDB7C /* backSymbol.png */,
				B5F6166C16DD7405005BDB7C /* backSymbol@2x.png */,
				B5F6166716DD6ECD005BDB7C /* trashCanSymbol.png */,
				B5F6166816DD6ECD005BDB7C /* trashCanSymbol@2x.png */,
				B5F6165F16DD6950005BDB7C /* bluetoothSymbol.png */,
				B5F6166016DD6950005BDB7C /* bluetoothSymbol@2x.png */,
				B5F6166116DD6950005BDB7C /* mailSymbol.png */,
				B5F6166216DD6950005BDB7C /* mailSymbol@2x.png */,
				B5F6165316DD4224005BDB7C /* deleteSymbol.png */,
				B5F6165416DD4224005BDB7C /* deleteSymbol@2x.png */,
				B5F6165516DD4224005BDB7C /* infoSymbol.png */,
				B5F6165616DD4224005BDB7C /* infoSymbol@2x.png */,
				B5F6165716DD4224005BDB7C /* shareIcon.png */,
				B5F6165816DD4224005BDB7C /* shareIcon@2x.png */,
				B578C10116DCA2E4007A36A1 /* listSymbol.png */,
				B578C10216DCA2E4007A36A1 /* listSymbol@2x.png */,
				B578C0FD16DB9F10007A36A1 /* speedometerSymbol.png */,
				B578C0FE16DB9F10007A36A1 /* speedometerSymbol@2x.png */,
				B578C0ED16DB5898007A36A1 /* clockSymbol.png */,
				B578C0EE16DB5898007A36A1 /* clockSymbol@2x.png */,
				B578C0EF16DB5898007A36A1 /* latLonSymbol.png */,
				B578C0F016DB5898007A36A1 /* latLonSymbol@2x.png */,
				B578C0F116DB5898007A36A1 /* mapButton.png */,
				B578C0F216DB5898007A36A1 /* mapButton@2x.png */,
				B578C0F316DB5898007A36A1 /* mapPointSymbol.png */,
				B578C0F416DB5898007A36A1 /* mapPointSymbol@2x.png */,
				B578C0E916DB53F6007A36A1 /* compassBackground.png */,
				B578C0EA16DB53F6007A36A1 /* compassBackground@2x.png */,
				B578C0E716DB5356007A36A1 /* compass_needle@2x.png */,
				B507474A16D91CE400CEC1DE /* recordLight.png */,
				B507474B16D91CE400CEC1DE /* recordLight@2x.png */,
				B507474C16D91CE400CEC1DE /* recordLightBackground.png */,
				B507474D16D91CE400CEC1DE /* recordLightBackground@2x.png */,
				B507474616D907C200CEC1DE /* viewBackgrond.png */,
				B507474716D907C200CEC1DE /* viewBackgrond@2x.png */,
				B507474216D9065B00CEC1DE /* navigationBarBackground.png */,
				B507474316D9065B00CEC1DE /* navigationBarBackground@2x.png */,
				B507473716D9029900CEC1DE /* pauseButton.png */,
				B507473816D9029900CEC1DE /* pauseButton@2x.png */,
				B599F91716D8FCF4003C0D37 /* compassButton.png */,
				B599F91816D8FCF4003C0D37 /* compassButton@2x.png */,
				B599F91916D8FCF4003C0D37 /* recordButton.png */,
				B599F91A16D8FCF4003C0D37 /* recordButton@2x.png */,
				B599F91B16D8FCF4003C0D37 /* stopButton.png */,
				B599F91C16D8FCF4003C0D37 /* stopButton@2x.png */,
				B599F91316D8FB1D003C0D37 /* optionsBackground.png */,
				B599F91416D8FB1D003C0D37 /* optionsBackground@2x.png */,
				B50EBE1D16D4BE5C0090433B /* compass_needle.png */,
			);
			path = Images;
			sourceTree = "<group>";
		};
/* End PBXGroup section */

/* Begin PBXNativeTarget section */
		3A43D62416761D1F007E9A84 /* Gretel */ = {
			isa = PBXNativeTarget;
			buildConfigurationList = 3A43D64C16761D1F007E9A84 /* Build configuration list for PBXNativeTarget "Gretel" */;
			buildPhases = (
				3A43D62116761D1F007E9A84 /* Sources */,
				3A43D62216761D1F007E9A84 /* Frameworks */,
				3A43D62316761D1F007E9A84 /* Resources */,
				CF16922D37D245D6BAD15708 /* Copy Pods Resources */,
			);
			buildRules = (
			);
			dependencies = (
			);
			name = Gretel;
			productName = Gretel;
			productReference = 3A43D62516761D1F007E9A84 /* Gretel.app */;
			productType = "com.apple.product-type.application";
		};
/* End PBXNativeTarget section */

/* Begin PBXProject section */
		3A43D61C16761D1F007E9A84 /* Project object */ = {
			isa = PBXProject;
			attributes = {
				LastUpgradeCheck = 0450;
				ORGANIZATIONNAME = "Ben Reed";
			};
			buildConfigurationList = 3A43D61F16761D1F007E9A84 /* Build configuration list for PBXProject "Gretel" */;
			compatibilityVersion = "Xcode 3.2";
			developmentRegion = English;
			hasScannedForEncodings = 0;
			knownRegions = (
				en,
			);
			mainGroup = 3A43D61A16761D1F007E9A84;
			productRefGroup = 3A43D62616761D1F007E9A84 /* Products */;
			projectDirPath = "";
			projectRoot = "";
			targets = (
				3A43D62416761D1F007E9A84 /* Gretel */,
			);
		};
/* End PBXProject section */

/* Begin PBXResourcesBuildPhase section */
		3A43D62316761D1F007E9A84 /* Resources */ = {
			isa = PBXResourcesBuildPhase;
			buildActionMask = 2147483647;
			files = (
				3A43D63416761D1F007E9A84 /* InfoPlist.strings in Resources */,
				3A43D63C16761D1F007E9A84 /* Default.png in Resources */,
				3A43D63E16761D1F007E9A84 /* Default@2x.png in Resources */,
				3A43D64016761D1F007E9A84 /* Default-568h@2x.png in Resources */,
				3A43D64316761D1F007E9A84 /* MainStoryboard_iPhone.storyboard in Resources */,
				3A43D6781678DEB4007E9A84 /* morrocco.gpx in Resources */,
				B50EBE1E16D4BE5C0090433B /* compass_needle.png in Resources */,
				B599F91516D8FB1D003C0D37 /* optionsBackground.png in Resources */,
				B599F91616D8FB1D003C0D37 /* optionsBackground@2x.png in Resources */,
				B599F91D16D8FCF4003C0D37 /* compassButton.png in Resources */,
				B599F91E16D8FCF4003C0D37 /* compassButton@2x.png in Resources */,
				B599F91F16D8FCF4003C0D37 /* recordButton.png in Resources */,
				B599F92016D8FCF4003C0D37 /* recordButton@2x.png in Resources */,
				B599F92116D8FCF4003C0D37 /* stopButton.png in Resources */,
				B599F92216D8FCF4003C0D37 /* stopButton@2x.png in Resources */,
				B507473916D9029900CEC1DE /* pauseButton.png in Resources */,
				B507473A16D9029900CEC1DE /* pauseButton@2x.png in Resources */,
				B507474416D9065B00CEC1DE /* navigationBarBackground.png in Resources */,
				B507474516D9065B00CEC1DE /* navigationBarBackground@2x.png in Resources */,
				B507474816D907C200CEC1DE /* viewBackgrond.png in Resources */,
				B507474916D907C200CEC1DE /* viewBackgrond@2x.png in Resources */,
				B507474E16D91CE400CEC1DE /* recordLight.png in Resources */,
				B507474F16D91CE400CEC1DE /* recordLight@2x.png in Resources */,
				B507475016D91CE400CEC1DE /* recordLightBackground.png in Resources */,
				B507475116D91CE400CEC1DE /* recordLightBackground@2x.png in Resources */,
				B578C0E816DB5356007A36A1 /* compass_needle@2x.png in Resources */,
				B578C0EB16DB53F6007A36A1 /* compassBackground.png in Resources */,
				B578C0EC16DB53F6007A36A1 /* compassBackground@2x.png in Resources */,
				B578C0F516DB5898007A36A1 /* clockSymbol.png in Resources */,
				B578C0F616DB5898007A36A1 /* clockSymbol@2x.png in Resources */,
				B578C0F716DB5898007A36A1 /* latLonSymbol.png in Resources */,
				B578C0F816DB5898007A36A1 /* latLonSymbol@2x.png in Resources */,
				B578C0F916DB5898007A36A1 /* mapButton.png in Resources */,
				B578C0FA16DB5898007A36A1 /* mapButton@2x.png in Resources */,
				B578C0FB16DB5898007A36A1 /* mapPointSymbol.png in Resources */,
				B578C0FC16DB5898007A36A1 /* mapPointSymbol@2x.png in Resources */,
				B578C0FF16DB9F10007A36A1 /* speedometerSymbol.png in Resources */,
				B578C10016DB9F10007A36A1 /* speedometerSymbol@2x.png in Resources */,
				B578C10316DCA2E4007A36A1 /* listSymbol.png in Resources */,
				B578C10416DCA2E4007A36A1 /* listSymbol@2x.png in Resources */,
				B5F6165916DD4224005BDB7C /* deleteSymbol.png in Resources */,
				B5F6165A16DD4224005BDB7C /* deleteSymbol@2x.png in Resources */,
				B5F6165B16DD4224005BDB7C /* infoSymbol.png in Resources */,
				B5F6165C16DD4224005BDB7C /* infoSymbol@2x.png in Resources */,
				B5F6165D16DD4224005BDB7C /* shareIcon.png in Resources */,
				B5F6165E16DD4224005BDB7C /* shareIcon@2x.png in Resources */,
				B5F6166316DD6950005BDB7C /* bluetoothSymbol.png in Resources */,
				B5F6166416DD6950005BDB7C /* bluetoothSymbol@2x.png in Resources */,
				B5F6166516DD6950005BDB7C /* mailSymbol.png in Resources */,
				B5F6166616DD6950005BDB7C /* mailSymbol@2x.png in Resources */,
				B5F6166916DD6ECD005BDB7C /* trashCanSymbol.png in Resources */,
				B5F6166A16DD6ECD005BDB7C /* trashCanSymbol@2x.png in Resources */,
				B5F6166D16DD7405005BDB7C /* backSymbol.png in Resources */,
				B5F6166E16DD7405005BDB7C /* backSymbol@2x.png in Resources */,
				B5F6167116DD7568005BDB7C /* acceptSymbol.png in Resources */,
				B5F6167216DD7568005BDB7C /* acceptSymbol@2x.png in Resources */,
				B568976C16DE0D1B00A07DFC /* Icon.png in Resources */,
				B568976E16DE0D2100A07DFC /* Icon@2x.png in Resources */,
				B524F61B16DF8E98000DD5C0 /* completeLabel.png in Resources */,
				B524F61C16DF8E98000DD5C0 /* completeLabel@2x.png in Resources */,
				B524F61D16DF8E98000DD5C0 /* recodingLabel.png in Resources */,
				B524F61E16DF8E98000DD5C0 /* recodingLabel@2x.png in Resources */,
				B571D29116E09847005F3EFB /* locationSymbolDisabled.png in Resources */,
				B571D29216E09847005F3EFB /* locationSymbolDisabled@2x.png in Resources */,
				B571D29316E09847005F3EFB /* locationSymbolEnabled.png in Resources */,
				B571D29416E09847005F3EFB /* locationSymbolEnabled@2x.png in Resources */,
				B5105F6516E48B2200428887 /* resumeSymbol.png in Resources */,
				B5105F6616E48B2200428887 /* resumeSymbol@2x.png in Resources */,
			);
			runOnlyForDeploymentPostprocessing = 0;
		};
/* End PBXResourcesBuildPhase section */

/* Begin PBXShellScriptBuildPhase section */
		CF16922D37D245D6BAD15708 /* Copy Pods Resources */ = {
			isa = PBXShellScriptBuildPhase;
			buildActionMask = 2147483647;
			files = (
			);
			inputPaths = (
			);
			name = "Copy Pods Resources";
			outputPaths = (
			);
			runOnlyForDeploymentPostprocessing = 0;
			shellPath = /bin/sh;
			shellScript = "\"${SRCROOT}/Pods/Pods-resources.sh\"\n";
		};
/* End PBXShellScriptBuildPhase section */

/* Begin PBXSourcesBuildPhase section */
		3A43D62116761D1F007E9A84 /* Sources */ = {
			isa = PBXSourcesBuildPhase;
			buildActionMask = 2147483647;
			files = (
				3A43D63616761D1F007E9A84 /* main.m in Sources */,
				3A43D63A16761D1F007E9A84 /* AppDelegate.m in Sources */,
				3A43D64916761D1F007E9A84 /* RecordNewTripViewController.m in Sources */,
				3A43D65216761D64007E9A84 /* GeoManager.m in Sources */,
				3A8C974F167A1A18000E2259 /* HistoryViewController.m in Sources */,
				3A8C975E167A8518000E2259 /* TripDetailViewController.m in Sources */,
				3A8C9763167B123A000E2259 /* GPXFactory.m in Sources */,
				3A8C9774167B2F3E000E2259 /* ShareManager.m in Sources */,
				3A072B70167F699D00349316 /* BRDateUtils.m in Sources */,
				3A072B73167F796C00349316 /* BRMapAnnotation.m in Sources */,
				3A072B7B167FC7A900349316 /* BRBaseMapViewController.m in Sources */,
				3A2059A916945AA700E81FB4 /* ExtendedManagedObject.m in Sources */,
				3A2059AA16945AA700E81FB4 /* GPSPoint.m in Sources */,
				3A2059AB16945AA700E81FB4 /* Gretel.xcdatamodel in Sources */,
				B507473D16D9039600CEC1DE /* BaseNavigationViewController.m in Sources */,
				B5F6167816DDF389005BDB7C /* SettingsViewController.m in Sources */,
				B568976A16DDFC2300A07DFC /* SettingsManager.m in Sources */,
				B5AE901116DF4A0D003A36C6 /* TripHistoryTableViewCell.m in Sources */,
				3AE64CA616E4B08000C830AF /* TripManager.m in Sources */,
				B59C374416E779BD0090D395 /* Trip.m in Sources */,
			);
			runOnlyForDeploymentPostprocessing = 0;
		};
/* End PBXSourcesBuildPhase section */

/* Begin PBXVariantGroup section */
		3A43D63216761D1F007E9A84 /* InfoPlist.strings */ = {
			isa = PBXVariantGroup;
			children = (
				3A43D63316761D1F007E9A84 /* en */,
			);
			name = InfoPlist.strings;
			sourceTree = "<group>";
		};
		3A43D64116761D1F007E9A84 /* MainStoryboard_iPhone.storyboard */ = {
			isa = PBXVariantGroup;
			children = (
				3A43D64216761D1F007E9A84 /* en */,
			);
			name = MainStoryboard_iPhone.storyboard;
			sourceTree = "<group>";
		};
/* End PBXVariantGroup section */

/* Begin XCBuildConfiguration section */
		3A43D64A16761D1F007E9A84 /* Debug */ = {
			isa = XCBuildConfiguration;
			buildSettings = {
				ALWAYS_SEARCH_USER_PATHS = NO;
				CLANG_CXX_LANGUAGE_STANDARD = "gnu++0x";
				CLANG_CXX_LIBRARY = "libc++";
				CLANG_ENABLE_OBJC_ARC = YES;
				CLANG_WARN_EMPTY_BODY = YES;
				CLANG_WARN__DUPLICATE_METHOD_MATCH = YES;
				CODE_SIGN_IDENTITY = "iPhone Developer: Ben Reed (2Z5J3XQ9P8)";
				"CODE_SIGN_IDENTITY[sdk=iphoneos*]" = "iPhone Developer: Ben Reed (2Z5J3XQ9P8)";
				COPY_PHASE_STRIP = NO;
				GCC_C_LANGUAGE_STANDARD = gnu99;
				GCC_DYNAMIC_NO_PIC = NO;
				GCC_OPTIMIZATION_LEVEL = 0;
				GCC_PREPROCESSOR_DEFINITIONS = (
					"DEBUG=1",
					"$(inherited)",
				);
				GCC_SYMBOLS_PRIVATE_EXTERN = NO;
				GCC_WARN_ABOUT_RETURN_TYPE = YES;
				GCC_WARN_UNINITIALIZED_AUTOS = YES;
				GCC_WARN_UNUSED_VARIABLE = YES;
				IPHONEOS_DEPLOYMENT_TARGET = 6.0;
				PROVISIONING_PROFILE = "DCB3A64B-70AE-434E-89F9-BD179DAB1F22";
				"PROVISIONING_PROFILE[sdk=iphoneos*]" = "DCB3A64B-70AE-434E-89F9-BD179DAB1F22";
				SDKROOT = iphoneos;
				TARGETED_DEVICE_FAMILY = "1,2";
			};
			name = Debug;
		};
		3A43D64B16761D1F007E9A84 /* Release */ = {
			isa = XCBuildConfiguration;
			buildSettings = {
				ALWAYS_SEARCH_USER_PATHS = NO;
				CLANG_CXX_LANGUAGE_STANDARD = "gnu++0x";
				CLANG_CXX_LIBRARY = "libc++";
				CLANG_ENABLE_OBJC_ARC = YES;
				CLANG_WARN_EMPTY_BODY = YES;
				CLANG_WARN__DUPLICATE_METHOD_MATCH = YES;
				CODE_SIGN_IDENTITY = "iPhone Distribution: Ben Reed";
				"CODE_SIGN_IDENTITY[sdk=iphoneos*]" = "iPhone Distribution: Ben Reed";
				COPY_PHASE_STRIP = YES;
				GCC_C_LANGUAGE_STANDARD = gnu99;
				GCC_WARN_ABOUT_RETURN_TYPE = YES;
				GCC_WARN_UNINITIALIZED_AUTOS = YES;
				GCC_WARN_UNUSED_VARIABLE = YES;
				IPHONEOS_DEPLOYMENT_TARGET = 6.0;
				OTHER_CFLAGS = "-DNS_BLOCK_ASSERTIONS=1";
				PROVISIONING_PROFILE = "8BED8130-7526-4A6C-9D54-FFB9BFDFDDEE";
				"PROVISIONING_PROFILE[sdk=iphoneos*]" = "8BED8130-7526-4A6C-9D54-FFB9BFDFDDEE";
				SDKROOT = iphoneos;
				TARGETED_DEVICE_FAMILY = "1,2";
				VALIDATE_PRODUCT = YES;
			};
			name = Release;
		};
		3A43D64D16761D1F007E9A84 /* Debug */ = {
			isa = XCBuildConfiguration;
			baseConfigurationReference = 2DBC77A785094963AD97707F /* Pods.xcconfig */;
			buildSettings = {
				GCC_PRECOMPILE_PREFIX_HEADER = YES;
				GCC_PREFIX_HEADER = "Gretel/Gretel-Prefix.pch";
				INFOPLIST_FILE = "Gretel/Gretel-Info.plist";
				LIBRARY_SEARCH_PATHS = "$(inherited)";
				PRODUCT_NAME = "$(TARGET_NAME)";
				TARGETED_DEVICE_FAMILY = 1;
				WRAPPER_EXTENSION = app;
			};
			name = Debug;
		};
		3A43D64E16761D1F007E9A84 /* Release */ = {
			isa = XCBuildConfiguration;
			baseConfigurationReference = 2DBC77A785094963AD97707F /* Pods.xcconfig */;
			buildSettings = {
				GCC_PRECOMPILE_PREFIX_HEADER = YES;
				GCC_PREFIX_HEADER = "Gretel/Gretel-Prefix.pch";
				INFOPLIST_FILE = "Gretel/Gretel-Info.plist";
				LIBRARY_SEARCH_PATHS = "$(inherited)";
				PRODUCT_NAME = "$(TARGET_NAME)";
				TARGETED_DEVICE_FAMILY = 1;
				WRAPPER_EXTENSION = app;
			};
			name = Release;
		};
/* End XCBuildConfiguration section */

/* Begin XCConfigurationList section */
		3A43D61F16761D1F007E9A84 /* Build configuration list for PBXProject "Gretel" */ = {
			isa = XCConfigurationList;
			buildConfigurations = (
				3A43D64A16761D1F007E9A84 /* Debug */,
				3A43D64B16761D1F007E9A84 /* Release */,
			);
			defaultConfigurationIsVisible = 0;
			defaultConfigurationName = Release;
		};
		3A43D64C16761D1F007E9A84 /* Build configuration list for PBXNativeTarget "Gretel" */ = {
			isa = XCConfigurationList;
			buildConfigurations = (
				3A43D64D16761D1F007E9A84 /* Debug */,
				3A43D64E16761D1F007E9A84 /* Release */,
			);
			defaultConfigurationIsVisible = 0;
			defaultConfigurationName = Release;
		};
/* End XCConfigurationList section */
	};
	rootObject = 3A43D61C16761D1F007E9A84 /* Project object */;
}
